
Microsoft Visual Studio Solution File, Format Version 12.00
# Visual Studio Version 16
VisualStudioVersion = 16.0.29519.87
MinimumVisualStudioVersion = 10.0.40219.1
Project("{FAE04EC0-301F-11D3-BF4B-00C04F79EFBC}") = "TicTakToe_", "TicTakToe_\TicTakToe_.csproj", "{76814ACC-BDF1-4E6D-BC55-88C96BA53463}"
EndProject
Global
	GlobalSection(SolutionConfigurationPlatforms) = preSolution
		Debug|Any CPU = Debug|Any CPU
		Release|Any CPU = Release|Any CPU
	EndGlobalSection
	GlobalSection(ProjectConfigurationPlatforms) = postSolution
		{76814ACC-BDF1-4E6D-BC55-88C96BA53463}.Debug|Any CPU.ActiveCfg = Debug|Any CPU
		{76814ACC-BDF1-4E6D-BC55-88C96BA53463}.Debug|Any CPU.Build.0 = Debug|Any CPU
		{76814ACC-BDF1-4E6D-BC55-88C96BA53463}.Release|Any CPU.ActiveCfg = Release|Any CPU
		{76814ACC-BDF1-4E6D-BC55-88C96BA53463}.Release|Any CPU.Build.0 = Release|Any CPU
	EndGlobalSection
	GlobalSection(SolutionProperties) = preSolution
		HideSolutionNode = FALSE
	EndGlobalSection
	GlobalSection(ExtensibilityGlobals) = postSolution
		SolutionGuid = {80B60B7E-BEF1-40C1-819B-7261301F7055}
	EndGlobalSection
EndGlobal
